
Microsoft Visual Studio Solution File, Format Version 12.00
# Visual Studio Version 17
VisualStudioVersion = 17.9.34607.119
MinimumVisualStudioVersion = 10.0.40219.1
Project("{FAE04EC0-301F-11D3-BF4B-00C04F79EFBC}") = "TodoApi7", "TodoApi7\TodoApi7.csproj", "{A6DDB251-1741-4D86-B641-CBF77D4C098B}"
EndProject
Global
	GlobalSection(SolutionConfigurationPlatforms) = preSolution
		Debug|Any CPU = Debug|Any CPU
		Release|Any CPU = Release|Any CPU
	EndGlobalSection
	GlobalSection(ProjectConfigurationPlatforms) = postSolution
		{A6DDB251-1741-4D86-B641-CBF77D4C098B}.Debug|Any CPU.ActiveCfg = Debug|Any CPU
		{A6DDB251-1741-4D86-B641-CBF77D4C098B}.Debug|Any CPU.Build.0 = Debug|Any CPU
		{A6DDB251-1741-4D86-B641-CBF77D4C098B}.Release|Any CPU.ActiveCfg = Release|Any CPU
		{A6DDB251-1741-4D86-B641-CBF77D4C098B}.Release|Any CPU.Build.0 = Release|Any CPU
	EndGlobalSection
	GlobalSection(SolutionProperties) = preSolution
		HideSolutionNode = FALSE
	EndGlobalSection
	GlobalSection(ExtensibilityGlobals) = postSolution
		SolutionGuid = {37A5A2B2-D3F7-415E-A607-57E661A1E8B3}
	EndGlobalSection
EndGlobal
