
Microsoft Visual Studio Solution File, Format Version 12.00
# Visual Studio Version 17
VisualStudioVersion = 17.10.35201.131
MinimumVisualStudioVersion = 10.0.40219.1
Project("{FAE04EC0-301F-11D3-BF4B-00C04F79EFBC}") = "Introducao a APIs", "Introducao a APIs\Introducao a APIs.csproj", "{4C43F059-AE99-47B1-BC9C-A93F71264E90}"
EndProject
Global
	GlobalSection(SolutionConfigurationPlatforms) = preSolution
		Debug|Any CPU = Debug|Any CPU
		Release|Any CPU = Release|Any CPU
	EndGlobalSection
	GlobalSection(ProjectConfigurationPlatforms) = postSolution
		{4C43F059-AE99-47B1-BC9C-A93F71264E90}.Debug|Any CPU.ActiveCfg = Debug|Any CPU
		{4C43F059-AE99-47B1-BC9C-A93F71264E90}.Debug|Any CPU.Build.0 = Debug|Any CPU
		{4C43F059-AE99-47B1-BC9C-A93F71264E90}.Release|Any CPU.ActiveCfg = Release|Any CPU
		{4C43F059-AE99-47B1-BC9C-A93F71264E90}.Release|Any CPU.Build.0 = Release|Any CPU
	EndGlobalSection
	GlobalSection(SolutionProperties) = preSolution
		HideSolutionNode = FALSE
	EndGlobalSection
	GlobalSection(ExtensibilityGlobals) = postSolution
		SolutionGuid = {AA2C8791-9FA1-4DD3-B0E6-E2FB75502A89}
	EndGlobalSection
EndGlobal
